
Microsoft Visual Studio Solution File, Format Version 12.00
# Visual Studio 2012
Project("{FAE04EC0-301F-11D3-BF4B-00C04F79EFBC}") = "Tron", "Tron\Tron.csproj", "{797E22C6-2768-4FBF-80DF-9DB7DE96F535}"
EndProject
Global
	GlobalSection(SolutionConfigurationPlatforms) = preSolution
		Debug|Any CPU = Debug|Any CPU
		Release|Any CPU = Release|Any CPU
	EndGlobalSection
	GlobalSection(ProjectConfigurationPlatforms) = postSolution
		{797E22C6-2768-4FBF-80DF-9DB7DE96F535}.Debug|Any CPU.ActiveCfg = Debug|Any CPU
		{797E22C6-2768-4FBF-80DF-9DB7DE96F535}.Debug|Any CPU.Build.0 = Debug|Any CPU
		{797E22C6-2768-4FBF-80DF-9DB7DE96F535}.Release|Any CPU.ActiveCfg = Release|Any CPU
		{797E22C6-2768-4FBF-80DF-9DB7DE96F535}.Release|Any CPU.Build.0 = Release|Any CPU
	EndGlobalSection
	GlobalSection(SolutionProperties) = preSolution
		HideSolutionNode = FALSE
	EndGlobalSection
EndGlobal
